// !$*UTF8*$!
{
	archiveVersion = 1;
	classes = {
	};
	objectVersion = 50;
	objects = {

/* Begin PBXBuildFile section */
		D78142AC21407DBC006E6053 /* AppDelegate.swift in Sources */ = {isa = PBXBuildFile; fileRef = D78142AB21407DBC006E6053 /* AppDelegate.swift */; };
		D78142B121407DBC006E6053 /* Main.storyboard in Resources */ = {isa = PBXBuildFile; fileRef = D78142AF21407DBC006E6053 /* Main.storyboard */; };
		D78142B321407DBD006E6053 /* Assets.xcassets in Resources */ = {isa = PBXBuildFile; fileRef = D78142B221407DBD006E6053 /* Assets.xcassets */; };
		D78142B621407DBD006E6053 /* LaunchScreen.storyboard in Resources */ = {isa = PBXBuildFile; fileRef = D78142B421407DBD006E6053 /* LaunchScreen.storyboard */; };
		D78142C321407E1E006E6053 /* Post.swift in Sources */ = {isa = PBXBuildFile; fileRef = D78142C221407E1E006E6053 /* Post.swift */; };
		D78142C521407E51006E6053 /* PostContoller.swift in Sources */ = {isa = PBXBuildFile; fileRef = D78142C421407E51006E6053 /* PostContoller.swift */; };
		D78142C721408682006E6053 /* PostListViewController.swift in Sources */ = {isa = PBXBuildFile; fileRef = D78142C621408682006E6053 /* PostListViewController.swift */; };
/* End PBXBuildFile section */

/* Begin PBXFileReference section */
		D78142A821407DBC006E6053 /* Why iOS?.app */ = {isa = PBXFileReference; explicitFileType = wrapper.application; includeInIndex = 0; path = "Why iOS?.app"; sourceTree = BUILT_PRODUCTS_DIR; };
		D78142AB21407DBC006E6053 /* AppDelegate.swift */ = {isa = PBXFileReference; lastKnownFileType = sourcecode.swift; path = AppDelegate.swift; sourceTree = "<group>"; };
		D78142B021407DBC006E6053 /* Base */ = {isa = PBXFileReference; lastKnownFileType = file.storyboard; name = Base; path = Base.lproj/Main.storyboard; sourceTree = "<group>"; };
		D78142B221407DBD006E6053 /* Assets.xcassets */ = {isa = PBXFileReference; lastKnownFileType = folder.assetcatalog; path = Assets.xcassets; sourceTree = "<group>"; };
		D78142B521407DBD006E6053 /* Base */ = {isa = PBXFileReference; lastKnownFileType = file.storyboard; name = Base; path = Base.lproj/LaunchScreen.storyboard; sourceTree = "<group>"; };
		D78142B721407DBD006E6053 /* Info.plist */ = {isa = PBXFileReference; lastKnownFileType = text.plist.xml; path = Info.plist; sourceTree = "<group>"; };
		D78142C221407E1E006E6053 /* Post.swift */ = {isa = PBXFileReference; lastKnownFileType = sourcecode.swift; path = Post.swift; sourceTree = "<group>"; };
		D78142C421407E51006E6053 /* PostContoller.swift */ = {isa = PBXFileReference; lastKnownFileType = sourcecode.swift; path = PostContoller.swift; sourceTree = "<group>"; };
		D78142C621408682006E6053 /* PostListViewController.swift */ = {isa = PBXFileReference; lastKnownFileType = sourcecode.swift; path = PostListViewController.swift; sourceTree = "<group>"; };
/* End PBXFileReference section */

/* Begin PBXFrameworksBuildPhase section */
		D78142A521407DBC006E6053 /* Frameworks */ = {
			isa = PBXFrameworksBuildPhase;
			buildActionMask = 2147483647;
			files = (
			);
			runOnlyForDeploymentPostprocessing = 0;
		};
/* End PBXFrameworksBuildPhase section */

/* Begin PBXGroup section */
		D781429F21407DBC006E6053 = {
			isa = PBXGroup;
			children = (
				D78142AA21407DBC006E6053 /* Why iOS? */,
				D78142A921407DBC006E6053 /* Products */,
			);
			sourceTree = "<group>";
		};
		D78142A921407DBC006E6053 /* Products */ = {
			isa = PBXGroup;
			children = (
				D78142A821407DBC006E6053 /* Why iOS?.app */,
			);
			name = Products;
			sourceTree = "<group>";
		};
		D78142AA21407DBC006E6053 /* Why iOS? */ = {
			isa = PBXGroup;
			children = (
				D78142BF21407DFE006E6053 /* Model */,
				D78142C121407DFE006E6053 /* ModelController */,
				D78142C021407DFE006E6053 /* ViewController */,
				D78142BE21407DFE006E6053 /* Resources */,
				D78142AF21407DBC006E6053 /* Main.storyboard */,
			);
			path = "Why iOS?";
			sourceTree = "<group>";
		};
		D78142BE21407DFE006E6053 /* Resources */ = {
			isa = PBXGroup;
			children = (
				D78142AB21407DBC006E6053 /* AppDelegate.swift */,
				D78142B221407DBD006E6053 /* Assets.xcassets */,
				D78142B421407DBD006E6053 /* LaunchScreen.storyboard */,
				D78142B721407DBD006E6053 /* Info.plist */,
			);
			path = Resources;
			sourceTree = "<group>";
		};
		D78142BF21407DFE006E6053 /* Model */ = {
			isa = PBXGroup;
			children = (
				D78142C221407E1E006E6053 /* Post.swift */,
			);
			path = Model;
			sourceTree = "<group>";
		};
		D78142C021407DFE006E6053 /* ViewController */ = {
			isa = PBXGroup;
			children = (
				D78142C621408682006E6053 /* PostListViewController.swift */,
			);
			path = ViewController;
			sourceTree = "<group>";
		};
		D78142C121407DFE006E6053 /* ModelController */ = {
			isa = PBXGroup;
			children = (
				D78142C421407E51006E6053 /* PostContoller.swift */,
			);
			path = ModelController;
			sourceTree = "<group>";
		};
/* End PBXGroup section */

/* Begin PBXNativeTarget section */
		D78142A721407DBC006E6053 /* Why iOS? */ = {
			isa = PBXNativeTarget;
			buildConfigurationList = D78142BA21407DBD006E6053 /* Build configuration list for PBXNativeTarget "Why iOS?" */;
			buildPhases = (
				D78142A421407DBC006E6053 /* Sources */,
				D78142A521407DBC006E6053 /* Frameworks */,
				D78142A621407DBC006E6053 /* Resources */,
			);
			buildRules = (
			);
			dependencies = (
			);
			name = "Why iOS?";
			productName = "Why iOS?";
			productReference = D78142A821407DBC006E6053 /* Why iOS?.app */;
			productType = "com.apple.product-type.application";
		};
/* End PBXNativeTarget section */

/* Begin PBXProject section */
		D78142A021407DBC006E6053 /* Project object */ = {
			isa = PBXProject;
			attributes = {
				LastSwiftUpdateCheck = 0940;
				LastUpgradeCheck = 0940;
				ORGANIZATIONNAME = "Jason Goodney";
				TargetAttributes = {
					D78142A721407DBC006E6053 = {
						CreatedOnToolsVersion = 9.4.1;
					};
				};
			};
			buildConfigurationList = D78142A321407DBC006E6053 /* Build configuration list for PBXProject "Why iOS?" */;
			compatibilityVersion = "Xcode 9.3";
			developmentRegion = en;
			hasScannedForEncodings = 0;
			knownRegions = (
				en,
				Base,
			);
			mainGroup = D781429F21407DBC006E6053;
			productRefGroup = D78142A921407DBC006E6053 /* Products */;
			projectDirPath = "";
			projectRoot = "";
			targets = (
				D78142A721407DBC006E6053 /* Why iOS? */,
			);
		};
/* End PBXProject section */

/* Begin PBXResourcesBuildPhase section */
		D78142A621407DBC006E6053 /* Resources */ = {
			isa = PBXResourcesBuildPhase;
			buildActionMask = 2147483647;
			files = (
				D78142B621407DBD006E6053 /* LaunchScreen.storyboard in Resources */,
				D78142B321407DBD006E6053 /* Assets.xcassets in Resources */,
				D78142B121407DBC006E6053 /* Main.storyboard in Resources */,
			);
			runOnlyForDeploymentPostprocessing = 0;
		};
/* End PBXResourcesBuildPhase section */

/* Begin PBXSourcesBuildPhase section */
		D78142A421407DBC006E6053 /* Sources */ = {
			isa = PBXSourcesBuildPhase;
			buildActionMask = 2147483647;
			files = (
				D78142C721408682006E6053 /* PostListViewController.swift in Sources */,
				D78142AC21407DBC006E6053 /* AppDelegate.swift in Sources */,
				D78142C321407E1E006E6053 /* Post.swift in Sources */,
				D78142C521407E51006E6053 /* PostContoller.swift in Sources */,
			);
			runOnlyForDeploymentPostprocessing = 0;
		};
/* End PBXSourcesBuildPhase section */

/* Begin PBXVariantGroup section */
		D78142AF21407DBC006E6053 /* Main.storyboard */ = {
			isa = PBXVariantGroup;
			children = (
				D78142B021407DBC006E6053 /* Base */,
			);
			name = Main.storyboard;
			sourceTree = "<group>";
		};
		D78142B421407DBD006E6053 /* LaunchScreen.storyboard */ = {
			isa = PBXVariantGroup;
			children = (
				D78142B521407DBD006E6053 /* Base */,
			);
			name = LaunchScreen.storyboard;
			sourceTree = "<group>";
		};
/* End PBXVariantGroup section */

/* Begin XCBuildConfiguration section */
		D78142B821407DBD006E6053 /* Debug */ = {
			isa = XCBuildConfiguration;
			buildSettings = {
				ALWAYS_SEARCH_USER_PATHS = NO;
				CLANG_ANALYZER_NONNULL = YES;
				CLANG_ANALYZER_NUMBER_OBJECT_CONVERSION = YES_AGGRESSIVE;
				CLANG_CXX_LANGUAGE_STANDARD = "gnu++14";
				CLANG_CXX_LIBRARY = "libc++";
				CLANG_ENABLE_MODULES = YES;
				CLANG_ENABLE_OBJC_ARC = YES;
				CLANG_ENABLE_OBJC_WEAK = YES;
				CLANG_WARN_BLOCK_CAPTURE_AUTORELEASING = YES;
				CLANG_WARN_BOOL_CONVERSION = YES;
				CLANG_WARN_COMMA = YES;
				CLANG_WARN_CONSTANT_CONVERSION = YES;
				CLANG_WARN_DEPRECATED_OBJC_IMPLEMENTATIONS = YES;
				CLANG_WARN_DIRECT_OBJC_ISA_USAGE = YES_ERROR;
				CLANG_WARN_DOCUMENTATION_COMMENTS = YES;
				CLANG_WARN_EMPTY_BODY = YES;
				CLANG_WARN_ENUM_CONVERSION = YES;
				CLANG_WARN_INFINITE_RECURSION = YES;
				CLANG_WARN_INT_CONVERSION = YES;
				CLANG_WARN_NON_LITERAL_NULL_CONVERSION = YES;
				CLANG_WARN_OBJC_IMPLICIT_RETAIN_SELF = YES;
				CLANG_WARN_OBJC_LITERAL_CONVERSION = YES;
				CLANG_WARN_OBJC_ROOT_CLASS = YES_ERROR;
				CLANG_WARN_RANGE_LOOP_ANALYSIS = YES;
				CLANG_WARN_STRICT_PROTOTYPES = YES;
				CLANG_WARN_SUSPICIOUS_MOVE = YES;
				CLANG_WARN_UNGUARDED_AVAILABILITY = YES_AGGRESSIVE;
				CLANG_WARN_UNREACHABLE_CODE = YES;
				CLANG_WARN__DUPLICATE_METHOD_MATCH = YES;
				CODE_SIGN_IDENTITY = "iPhone Developer";
				COPY_PHASE_STRIP = NO;
				DEBUG_INFORMATION_FORMAT = dwarf;
				ENABLE_STRICT_OBJC_MSGSEND = YES;
				ENABLE_TESTABILITY = YES;
				GCC_C_LANGUAGE_STANDARD = gnu11;
				GCC_DYNAMIC_NO_PIC = NO;
				GCC_NO_COMMON_BLOCKS = YES;
				GCC_OPTIMIZATION_LEVEL = 0;
				GCC_PREPROCESSOR_DEFINITIONS = (
					"DEBUG=1",
					"$(inherited)",
				);
				GCC_WARN_64_TO_32_BIT_CONVERSION = YES;
				GCC_WARN_ABOUT_RETURN_TYPE = YES_ERROR;
				GCC_WARN_UNDECLARED_SELECTOR = YES;
				GCC_WARN_UNINITIALIZED_AUTOS = YES_AGGRESSIVE;
				GCC_WARN_UNUSED_FUNCTION = YES;
				GCC_WARN_UNUSED_VARIABLE = YES;
				IPHONEOS_DEPLOYMENT_TARGET = 11.4;
				MTL_ENABLE_DEBUG_INFO = YES;
				ONLY_ACTIVE_ARCH = YES;
				SDKROOT = iphoneos;
				SWIFT_ACTIVE_COMPILATION_CONDITIONS = DEBUG;
				SWIFT_OPTIMIZATION_LEVEL = "-Onone";
			};
			name = Debug;
		};
		D78142B921407DBD006E6053 /* Release */ = {
			isa = XCBuildConfiguration;
			buildSettings = {
				ALWAYS_SEARCH_USER_PATHS = NO;
				CLANG_ANALYZER_NONNULL = YES;
				CLANG_ANALYZER_NUMBER_OBJECT_CONVERSION = YES_AGGRESSIVE;
				CLANG_CXX_LANGUAGE_STANDARD = "gnu++14";
				CLANG_CXX_LIBRARY = "libc++";
				CLANG_ENABLE_MODULES = YES;
				CLANG_ENABLE_OBJC_ARC = YES;
				CLANG_ENABLE_OBJC_WEAK = YES;
				CLANG_WARN_BLOCK_CAPTURE_AUTORELEASING = YES;
				CLANG_WARN_BOOL_CONVERSION = YES;
				CLANG_WARN_COMMA = YES;
				CLANG_WARN_CONSTANT_CONVERSION = YES;
				CLANG_WARN_DEPRECATED_OBJC_IMPLEMENTATIONS = YES;
				CLANG_WARN_DIRECT_OBJC_ISA_USAGE = YES_ERROR;
				CLANG_WARN_DOCUMENTATION_COMMENTS = YES;
				CLANG_WARN_EMPTY_BODY = YES;
				CLANG_WARN_ENUM_CONVERSION = YES;
				CLANG_WARN_INFINITE_RECURSION = YES;
				CLANG_WARN_INT_CONVERSION = YES;
				CLANG_WARN_NON_LITERAL_NULL_CONVERSION = YES;
				CLANG_WARN_OBJC_IMPLICIT_RETAIN_SELF = YES;
				CLANG_WARN_OBJC_LITERAL_CONVERSION = YES;
				CLANG_WARN_OBJC_ROOT_CLASS = YES_ERROR;
				CLANG_WARN_RANGE_LOOP_ANALYSIS = YES;
				CLANG_WARN_STRICT_PROTOTYPES = YES;
				CLANG_WARN_SUSPICIOUS_MOVE = YES;
				CLANG_WARN_UNGUARDED_AVAILABILITY = YES_AGGRESSIVE;
				CLANG_WARN_UNREACHABLE_CODE = YES;
				CLANG_WARN__DUPLICATE_METHOD_MATCH = YES;
				CODE_SIGN_IDENTITY = "iPhone Developer";
				COPY_PHASE_STRIP = NO;
				DEBUG_INFORMATION_FORMAT = "dwarf-with-dsym";
				ENABLE_NS_ASSERTIONS = NO;
				ENABLE_STRICT_OBJC_MSGSEND = YES;
				GCC_C_LANGUAGE_STANDARD = gnu11;
				GCC_NO_COMMON_BLOCKS = YES;
				GCC_WARN_64_TO_32_BIT_CONVERSION = YES;
				GCC_WARN_ABOUT_RETURN_TYPE = YES_ERROR;
				GCC_WARN_UNDECLARED_SELECTOR = YES;
				GCC_WARN_UNINITIALIZED_AUTOS = YES_AGGRESSIVE;
				GCC_WARN_UNUSED_FUNCTION = YES;
				GCC_WARN_UNUSED_VARIABLE = YES;
				IPHONEOS_DEPLOYMENT_TARGET = 11.4;
				MTL_ENABLE_DEBUG_INFO = NO;
				SDKROOT = iphoneos;
				SWIFT_COMPILATION_MODE = wholemodule;
				SWIFT_OPTIMIZATION_LEVEL = "-O";
				VALIDATE_PRODUCT = YES;
			};
			name = Release;
		};
		D78142BB21407DBD006E6053 /* Debug */ = {
			isa = XCBuildConfiguration;
			buildSettings = {
				ASSETCATALOG_COMPILER_APPICON_NAME = AppIcon;
				CODE_SIGN_STYLE = Automatic;
				DEVELOPMENT_TEAM = K2R548H5LT;
				INFOPLIST_FILE = "$(SRCROOT)/Why iOS?/Resources/Info.plist";
				LD_RUNPATH_SEARCH_PATHS = (
					"$(inherited)",
					"@executable_path/Frameworks",
				);
				PRODUCT_BUNDLE_IDENTIFIER = "com.jasongoodney.Why-iOS-";
				PRODUCT_NAME = "$(TARGET_NAME)";
				SWIFT_VERSION = 4.0;
				TARGETED_DEVICE_FAMILY = "1,2";
			};
			name = Debug;
		};
		D78142BC21407DBD006E6053 /* Release */ = {
			isa = XCBuildConfiguration;
			buildSettings = {
				ASSETCATALOG_COMPILER_APPICON_NAME = AppIcon;
				CODE_SIGN_STYLE = Automatic;
				DEVELOPMENT_TEAM = K2R548H5LT;
				INFOPLIST_FILE = "$(SRCROOT)/Why iOS?/Resources/Info.plist";
				LD_RUNPATH_SEARCH_PATHS = (
					"$(inherited)",
					"@executable_path/Frameworks",
				);
				PRODUCT_BUNDLE_IDENTIFIER = "com.jasongoodney.Why-iOS-";
				PRODUCT_NAME = "$(TARGET_NAME)";
				SWIFT_VERSION = 4.0;
				TARGETED_DEVICE_FAMILY = "1,2";
			};
			name = Release;
		};
/* End XCBuildConfiguration section */

/* Begin XCConfigurationList section */
		D78142A321407DBC006E6053 /* Build configuration list for PBXProject "Why iOS?" */ = {
			isa = XCConfigurationList;
			buildConfigurations = (
				D78142B821407DBD006E6053 /* Debug */,
				D78142B921407DBD006E6053 /* Release */,
			);
			defaultConfigurationIsVisible = 0;
			defaultConfigurationName = Release;
		};
		D78142BA21407DBD006E6053 /* Build configuration list for PBXNativeTarget "Why iOS?" */ = {
			isa = XCConfigurationList;
			buildConfigurations = (
				D78142BB21407DBD006E6053 /* Debug */,
				D78142BC21407DBD006E6053 /* Release */,
			);
			defaultConfigurationIsVisible = 0;
			defaultConfigurationName = Release;
		};
/* End XCConfigurationList section */
	};
	rootObject = D78142A021407DBC006E6053 /* Project object */;
}
